
Microsoft Visual Studio Solution File, Format Version 12.00
# Visual Studio Version 17
VisualStudioVersion = 17.4.33205.214
MinimumVisualStudioVersion = 10.0.40219.1
Project("{FAE04EC0-301F-11D3-BF4B-00C04F79EFBC}") = "OSATool", "OSATool\OSATool.csproj", "{E8DC1F1F-F283-4CF5-823F-A186268D1240}"
EndProject
Project("{2150E333-8FDC-42A3-9474-1A3956D46DE8}") = "Solution Items", "Solution Items", "{9E12D4BD-FCA3-46E6-8B0A-8CB18DF2B7B5}"
EndProject
Global
	GlobalSection(SolutionConfigurationPlatforms) = preSolution
		Debug|Any CPU = Debug|Any CPU
		Debug|x64 = Debug|x64
		Release|Any CPU = Release|Any CPU
		Release|x64 = Release|x64
	EndGlobalSection
	GlobalSection(ProjectConfigurationPlatforms) = postSolution
		{E8DC1F1F-F283-4CF5-823F-A186268D1240}.Debug|Any CPU.ActiveCfg = Debug|Any CPU
		{E8DC1F1F-F283-4CF5-823F-A186268D1240}.Debug|Any CPU.Build.0 = Debug|Any CPU
		{E8DC1F1F-F283-4CF5-823F-A186268D1240}.Debug|x64.ActiveCfg = Debug|x64
		{E8DC1F1F-F283-4CF5-823F-A186268D1240}.Debug|x64.Build.0 = Debug|x64
		{E8DC1F1F-F283-4CF5-823F-A186268D1240}.Release|Any CPU.ActiveCfg = Release|Any CPU
		{E8DC1F1F-F283-4CF5-823F-A186268D1240}.Release|Any CPU.Build.0 = Release|Any CPU
		{E8DC1F1F-F283-4CF5-823F-A186268D1240}.Release|x64.ActiveCfg = Release|Any CPU
		{E8DC1F1F-F283-4CF5-823F-A186268D1240}.Release|x64.Build.0 = Release|Any CPU
	EndGlobalSection
	GlobalSection(SolutionProperties) = preSolution
		HideSolutionNode = FALSE
	EndGlobalSection
	GlobalSection(ExtensibilityGlobals) = postSolution
		SolutionGuid = {9405313B-17FE-40CF-B452-40629166C4AE}
	EndGlobalSection
EndGlobal
